
Microsoft Visual Studio Solution File, Format Version 12.00
# Visual Studio Version 16
VisualStudioVersion = 16.0.30907.101
MinimumVisualStudioVersion = 10.0.40219.1
Project("{FAE04EC0-301F-11D3-BF4B-00C04F79EFBC}") = "FiledTest.Api", "FiledTest.Api\FiledTest.Api.csproj", "{8F591E9A-E417-4D89-B8E1-09AEB3CBA1F6}"
EndProject
Project("{FAE04EC0-301F-11D3-BF4B-00C04F79EFBC}") = "FiledTest.Domain", "FiledTest.Domain\FiledTest.Domain.csproj", "{1A3BD1FB-8827-488D-93D2-2B57B1A6DA08}"
EndProject
Project("{FAE04EC0-301F-11D3-BF4B-00C04F79EFBC}") = "FiledTest.UnitTest", "FiledTest.UnitTest\FiledTest.UnitTest.csproj", "{B238D6BF-DC59-4AB6-9804-FBEE58FE8DDA}"
EndProject
Global
	GlobalSection(SolutionConfigurationPlatforms) = preSolution
		Debug|Any CPU = Debug|Any CPU
		Release|Any CPU = Release|Any CPU
	EndGlobalSection
	GlobalSection(ProjectConfigurationPlatforms) = postSolution
		{8F591E9A-E417-4D89-B8E1-09AEB3CBA1F6}.Debug|Any CPU.ActiveCfg = Debug|Any CPU
		{8F591E9A-E417-4D89-B8E1-09AEB3CBA1F6}.Debug|Any CPU.Build.0 = Debug|Any CPU
		{8F591E9A-E417-4D89-B8E1-09AEB3CBA1F6}.Release|Any CPU.ActiveCfg = Release|Any CPU
		{8F591E9A-E417-4D89-B8E1-09AEB3CBA1F6}.Release|Any CPU.Build.0 = Release|Any CPU
		{1A3BD1FB-8827-488D-93D2-2B57B1A6DA08}.Debug|Any CPU.ActiveCfg = Debug|Any CPU
		{1A3BD1FB-8827-488D-93D2-2B57B1A6DA08}.Debug|Any CPU.Build.0 = Debug|Any CPU
		{1A3BD1FB-8827-488D-93D2-2B57B1A6DA08}.Release|Any CPU.ActiveCfg = Release|Any CPU
		{1A3BD1FB-8827-488D-93D2-2B57B1A6DA08}.Release|Any CPU.Build.0 = Release|Any CPU
		{B238D6BF-DC59-4AB6-9804-FBEE58FE8DDA}.Debug|Any CPU.ActiveCfg = Debug|Any CPU
		{B238D6BF-DC59-4AB6-9804-FBEE58FE8DDA}.Debug|Any CPU.Build.0 = Debug|Any CPU
		{B238D6BF-DC59-4AB6-9804-FBEE58FE8DDA}.Release|Any CPU.ActiveCfg = Release|Any CPU
		{B238D6BF-DC59-4AB6-9804-FBEE58FE8DDA}.Release|Any CPU.Build.0 = Release|Any CPU
	EndGlobalSection
	GlobalSection(SolutionProperties) = preSolution
		HideSolutionNode = FALSE
	EndGlobalSection
	GlobalSection(ExtensibilityGlobals) = postSolution
		SolutionGuid = {1222FB41-51FB-4192-A292-1387A25E09D3}
	EndGlobalSection
EndGlobal
